
Microsoft Visual Studio Solution File, Format Version 12.00
# Visual Studio Version 17
VisualStudioVersion = 17.6.33829.357
MinimumVisualStudioVersion = 10.0.40219.1
Project("{8BC9CEB8-8B4A-11D0-8D11-00A0C91BC942}") = "Main", "Main.vcxproj", "{F15092EB-5571-472C-A1F5-4DC43975C625}"
EndProject
Global
	GlobalSection(SolutionConfigurationPlatforms) = preSolution
		Debug|x64 = Debug|x64
		Debug|x86 = Debug|x86
		Release|x64 = Release|x64
		Release|x86 = Release|x86
	EndGlobalSection
	GlobalSection(ProjectConfigurationPlatforms) = postSolution
		{F15092EB-5571-472C-A1F5-4DC43975C625}.Debug|x64.ActiveCfg = Debug|x64
		{F15092EB-5571-472C-A1F5-4DC43975C625}.Debug|x64.Build.0 = Debug|x64
		{F15092EB-5571-472C-A1F5-4DC43975C625}.Debug|x86.ActiveCfg = Debug|Win32
		{F15092EB-5571-472C-A1F5-4DC43975C625}.Debug|x86.Build.0 = Debug|Win32
		{F15092EB-5571-472C-A1F5-4DC43975C625}.Release|x64.ActiveCfg = Release|x64
		{F15092EB-5571-472C-A1F5-4DC43975C625}.Release|x64.Build.0 = Release|x64
		{F15092EB-5571-472C-A1F5-4DC43975C625}.Release|x86.ActiveCfg = Release|Win32
		{F15092EB-5571-472C-A1F5-4DC43975C625}.Release|x86.Build.0 = Release|Win32
	EndGlobalSection
	GlobalSection(SolutionProperties) = preSolution
		HideSolutionNode = FALSE
	EndGlobalSection
	GlobalSection(ExtensibilityGlobals) = postSolution
		SolutionGuid = {9F664DE6-5EAF-4C26-A259-0854ACB2301B}
	EndGlobalSection
EndGlobal
